PODS:
  - DKProject (0.2.0):
    - HexColors (= 4.0.0)
  - HexColors (4.0.0)

DEPENDENCIES:
  - DKProject (from `../`)

SPEC REPOS:
  trunk:
    - HexColors

EXTERNAL SOURCES:
  DKProject:
    :path: "../"

SPEC CHECKSUMS:
  DKProject: 438d8b971260517b97419d21e09581fe2a3612ac
  HexColors: 5f95843ef89aff6a72e1fd3a8ebabf205cc43379

PODFILE CHECKSUM: 9d35f6d54a17cdf4b97e3e029624ba0685711a32

COCOAPODS: 1.9.3
