PODS:
  - DKProject (0.2.0):
    - DKProject/DKBase (= 0.2.0)
    - DKProject/DKCategory (= 0.2.0)
    - DKProject/DKConfigure (= 0.2.0)
    - DKProject/DKNaviFixSpace (= 0.2.0)
  - DKProject/DKBase (0.2.0):
    - DKProject/DKCategory
    - DKProject/DKConfigure
    - DKProject/DKNaviFixSpace
    - MJExtension
    - ReactiveObjC
  - DKProject/DKCategory (0.2.0):
    - DKProject/DKConfigure
  - DKProject/DKConfigure (0.2.0):
    - HexColors (= 4.0.0)
  - DKProject/DKNaviFixSpace (0.2.0)
  - HexColors (4.0.0)
  - MJExtension (3.2.2)
  - ReactiveObjC (3.1.1)

DEPENDENCIES:
  - DKProject (from `../`)

SPEC REPOS:
  trunk:
    - HexColors
    - MJExtension
    - ReactiveObjC

EXTERNAL SOURCES:
  DKProject:
    :path: "../"

SPEC CHECKSUMS:
  DKProject: 09f9f940800cf7933c098357b999237b7fbea0ce
  HexColors: 5f95843ef89aff6a72e1fd3a8ebabf205cc43379
  MJExtension: d9b9c74cbdeb724c1e9ecbb157b318276e62e876
  ReactiveObjC: 011caa393aa0383245f2dcf9bf02e86b80b36040

PODFILE CHECKSUM: 9d35f6d54a17cdf4b97e3e029624ba0685711a32

COCOAPODS: 1.9.3
